
Microsoft Visual Studio Solution File, Format Version 12.00
# Visual Studio Version 17
VisualStudioVersion = 17.9.34723.18
MinimumVisualStudioVersion = 10.0.40219.1
Project("{FAE04EC0-301F-11D3-BF4B-00C04F79EFBC}") = "ReservasHotel", "ReservasHotel.csproj", "{BECAD7A6-9809-46A6-8C77-BCA4FC3C643B}"
EndProject
Global
	GlobalSection(SolutionConfigurationPlatforms) = preSolution
		Debug|Any CPU = Debug|Any CPU
		Release|Any CPU = Release|Any CPU
	EndGlobalSection
	GlobalSection(ProjectConfigurationPlatforms) = postSolution
		{BECAD7A6-9809-46A6-8C77-BCA4FC3C643B}.Debug|Any CPU.ActiveCfg = Debug|Any CPU
		{BECAD7A6-9809-46A6-8C77-BCA4FC3C643B}.Debug|Any CPU.Build.0 = Debug|Any CPU
		{BECAD7A6-9809-46A6-8C77-BCA4FC3C643B}.Release|Any CPU.ActiveCfg = Release|Any CPU
		{BECAD7A6-9809-46A6-8C77-BCA4FC3C643B}.Release|Any CPU.Build.0 = Release|Any CPU
	EndGlobalSection
	GlobalSection(SolutionProperties) = preSolution
		HideSolutionNode = FALSE
	EndGlobalSection
	GlobalSection(ExtensibilityGlobals) = postSolution
		SolutionGuid = {5E636F39-AFA8-4321-8F8C-23B332797962}
	EndGlobalSection
EndGlobal
